
Microsoft Visual Studio Solution File, Format Version 12.00
# Visual Studio Version 17
VisualStudioVersion = 17.14.36310.24 d17.14
MinimumVisualStudioVersion = 10.0.40219.1
Project("{FAE04EC0-301F-11D3-BF4B-00C04F79EFBC}") = "Invoicebook", "Invoicebook\Invoicebook.csproj", "{826A2EF1-42F7-4034-80F3-3C1AE6A92CB0}"
EndProject
Global
	GlobalSection(SolutionConfigurationPlatforms) = preSolution
		Debug|Any CPU = Debug|Any CPU
		Release|Any CPU = Release|Any CPU
	EndGlobalSection
	GlobalSection(ProjectConfigurationPlatforms) = postSolution
		{826A2EF1-42F7-4034-80F3-3C1AE6A92CB0}.Debug|Any CPU.ActiveCfg = Debug|Any CPU
		{826A2EF1-42F7-4034-80F3-3C1AE6A92CB0}.Debug|Any CPU.Build.0 = Debug|Any CPU
		{826A2EF1-42F7-4034-80F3-3C1AE6A92CB0}.Release|Any CPU.ActiveCfg = Release|Any CPU
		{826A2EF1-42F7-4034-80F3-3C1AE6A92CB0}.Release|Any CPU.Build.0 = Release|Any CPU
	EndGlobalSection
	GlobalSection(SolutionProperties) = preSolution
		HideSolutionNode = FALSE
	EndGlobalSection
	GlobalSection(ExtensibilityGlobals) = postSolution
		SolutionGuid = {24FCBADF-A60C-47FB-80B5-716A63AC844C}
	EndGlobalSection
EndGlobal
